
Microsoft Visual Studio Solution File, Format Version 12.00
# Visual Studio Version 17
VisualStudioVersion = 17.3.32825.248
MinimumVisualStudioVersion = 10.0.40219.1
Project("{FAE04EC0-301F-11D3-BF4B-00C04F79EFBC}") = "HomeWork", "HomeWork\HomeWork.csproj", "{F6B22A70-9AAA-451E-B4CE-D355A6B9B28A}"
EndProject
Project("{FAE04EC0-301F-11D3-BF4B-00C04F79EFBC}") = "HomeWork2", "HomeWork2\HomeWork2.csproj", "{EB7AFF05-8C69-4CFB-8A58-13C0783C35C2}"
EndProject
Project("{FAE04EC0-301F-11D3-BF4B-00C04F79EFBC}") = "HomeWork3", "HomeWork3\HomeWork3.csproj", "{6D636332-A451-4117-A2AE-32700651B744}"
EndProject
Project("{FAE04EC0-301F-11D3-BF4B-00C04F79EFBC}") = "HomeWork4", "HomeWork4\HomeWork4.csproj", "{E9DFAEA5-C7AD-4740-83F0-E1CDD4BC9591}"
EndProject
Global
	GlobalSection(SolutionConfigurationPlatforms) = preSolution
		Debug|Any CPU = Debug|Any CPU
		Release|Any CPU = Release|Any CPU
	EndGlobalSection
	GlobalSection(ProjectConfigurationPlatforms) = postSolution
		{F6B22A70-9AAA-451E-B4CE-D355A6B9B28A}.Debug|Any CPU.ActiveCfg = Debug|Any CPU
		{F6B22A70-9AAA-451E-B4CE-D355A6B9B28A}.Debug|Any CPU.Build.0 = Debug|Any CPU
		{F6B22A70-9AAA-451E-B4CE-D355A6B9B28A}.Release|Any CPU.ActiveCfg = Release|Any CPU
		{F6B22A70-9AAA-451E-B4CE-D355A6B9B28A}.Release|Any CPU.Build.0 = Release|Any CPU
		{EB7AFF05-8C69-4CFB-8A58-13C0783C35C2}.Debug|Any CPU.ActiveCfg = Debug|Any CPU
		{EB7AFF05-8C69-4CFB-8A58-13C0783C35C2}.Debug|Any CPU.Build.0 = Debug|Any CPU
		{EB7AFF05-8C69-4CFB-8A58-13C0783C35C2}.Release|Any CPU.ActiveCfg = Release|Any CPU
		{EB7AFF05-8C69-4CFB-8A58-13C0783C35C2}.Release|Any CPU.Build.0 = Release|Any CPU
		{6D636332-A451-4117-A2AE-32700651B744}.Debug|Any CPU.ActiveCfg = Debug|Any CPU
		{6D636332-A451-4117-A2AE-32700651B744}.Debug|Any CPU.Build.0 = Debug|Any CPU
		{6D636332-A451-4117-A2AE-32700651B744}.Release|Any CPU.ActiveCfg = Release|Any CPU
		{6D636332-A451-4117-A2AE-32700651B744}.Release|Any CPU.Build.0 = Release|Any CPU
		{E9DFAEA5-C7AD-4740-83F0-E1CDD4BC9591}.Debug|Any CPU.ActiveCfg = Debug|Any CPU
		{E9DFAEA5-C7AD-4740-83F0-E1CDD4BC9591}.Debug|Any CPU.Build.0 = Debug|Any CPU
		{E9DFAEA5-C7AD-4740-83F0-E1CDD4BC9591}.Release|Any CPU.ActiveCfg = Release|Any CPU
		{E9DFAEA5-C7AD-4740-83F0-E1CDD4BC9591}.Release|Any CPU.Build.0 = Release|Any CPU
	EndGlobalSection
	GlobalSection(SolutionProperties) = preSolution
		HideSolutionNode = FALSE
	EndGlobalSection
	GlobalSection(ExtensibilityGlobals) = postSolution
		SolutionGuid = {7C500062-FE20-4D6C-81F2-2723E209A0D0}
	EndGlobalSection
EndGlobal
